{
  "version": 4,
  "terraform_version": "1.11.3",
  "serial": 8,
  "lineage": "541bf8fb-93c1-9854-1398-6b690f8eedef",
  "outputs": {},
  "resources": [
    {
      "mode": "managed",
      "type": "aws_subnet",
      "name": "subnet-1",
      "provider": "provider[\"registry.terraform.io/hashicorp/aws\"]",
      "instances": [
        {
          "schema_version": 1,
          "attributes": {
            "arn": "arn:aws:ec2:us-east-1:519716412281:subnet/subnet-013b166cd14de6765",
            "assign_ipv6_address_on_creation": false,
            "availability_zone": "us-east-1b",
            "availability_zone_id": "use1-az6",
            "cidr_block": "10.0.1.0/24",
            "customer_owned_ipv4_pool": "",
            "enable_dns64": false,
            "enable_lni_at_device_index": 0,
            "enable_resource_name_dns_a_record_on_launch": false,
            "enable_resource_name_dns_aaaa_record_on_launch": false,
            "id": "subnet-013b166cd14de6765",
            "ipv6_cidr_block": "",
            "ipv6_cidr_block_association_id": "",
            "ipv6_native": false,
            "map_customer_owned_ip_on_launch": false,
            "map_public_ip_on_launch": false,
            "outpost_arn": "",
            "owner_id": "519716412281",
            "private_dns_hostname_type_on_launch": "ip-name",
            "tags": {
              "Name": "prod-subnet"
            },
            "tags_all": {
              "Name": "prod-subnet"
            },
            "timeouts": null,
            "vpc_id": "vpc-0e5d800f81ef427eb"
          },
          "sensitive_attributes": [],
          "private": "eyJlMmJmYjczMC1lY2FhLTExZTYtOGY4OC0zNDM2M2JjN2M0YzAiOnsiY3JlYXRlIjo2MDAwMDAwMDAwMDAsImRlbGV0ZSI6MTIwMDAwMDAwMDAwMH0sInNjaGVtYV92ZXJzaW9uIjoiMSJ9",
          "dependencies": [
            "aws_vpc.my-first-vpc"
          ]
        }
      ]
    },
    {
      "mode": "managed",
      "type": "aws_vpc",
      "name": "my-first-vpc",
      "provider": "provider[\"registry.terraform.io/hashicorp/aws\"]",
      "instances": [
        {
          "schema_version": 1,
          "attributes": {
            "arn": "arn:aws:ec2:us-east-1:519716412281:vpc/vpc-0e5d800f81ef427eb",
            "assign_generated_ipv6_cidr_block": false,
            "cidr_block": "10.0.0.0/16",
            "default_network_acl_id": "acl-0c0aa61e3510576b5",
            "default_route_table_id": "rtb-0608fd7b3433ed42c",
            "default_security_group_id": "sg-0d41b5539bada070b",
            "dhcp_options_id": "dopt-094dc75d007f71461",
            "enable_dns_hostnames": false,
            "enable_dns_support": true,
            "enable_network_address_usage_metrics": false,
            "id": "vpc-0e5d800f81ef427eb",
            "instance_tenancy": "default",
            "ipv4_ipam_pool_id": null,
            "ipv4_netmask_length": null,
            "ipv6_association_id": "",
            "ipv6_cidr_block": "",
            "ipv6_cidr_block_network_border_group": "",
            "ipv6_ipam_pool_id": "",
            "ipv6_netmask_length": 0,
            "main_route_table_id": "rtb-0608fd7b3433ed42c",
            "owner_id": "519716412281",
            "tags": {
              "Name": "production"
            },
            "tags_all": {
              "Name": "production"
            }
          },
          "sensitive_attributes": [],
          "private": "eyJzY2hlbWFfdmVyc2lvbiI6IjEifQ=="
        }
      ]
    }
  ],
  "check_results": null
}
